
Microsoft Visual Studio Solution File, Format Version 12.00
# Visual Studio Version 16
VisualStudioVersion = 16.0.33927.289
MinimumVisualStudioVersion = 10.0.40219.1
Project("{FAE04EC0-301F-11D3-BF4B-00C04F79EFBC}") = "TwentyOne", "TwentyOne\TwentyOne.csproj", "{C7C43FDA-9E70-4FD6-822A-B1A2D97AA849}"
EndProject
Global
	GlobalSection(SolutionConfigurationPlatforms) = preSolution
		Debug|Any CPU = Debug|Any CPU
		Release|Any CPU = Release|Any CPU
	EndGlobalSection
	GlobalSection(ProjectConfigurationPlatforms) = postSolution
		{C7C43FDA-9E70-4FD6-822A-B1A2D97AA849}.Debug|Any CPU.ActiveCfg = Debug|Any CPU
		{C7C43FDA-9E70-4FD6-822A-B1A2D97AA849}.Debug|Any CPU.Build.0 = Debug|Any CPU
		{C7C43FDA-9E70-4FD6-822A-B1A2D97AA849}.Release|Any CPU.ActiveCfg = Release|Any CPU
		{C7C43FDA-9E70-4FD6-822A-B1A2D97AA849}.Release|Any CPU.Build.0 = Release|Any CPU
	EndGlobalSection
	GlobalSection(SolutionProperties) = preSolution
		HideSolutionNode = FALSE
	EndGlobalSection
	GlobalSection(ExtensibilityGlobals) = postSolution
		SolutionGuid = {F779EC42-1714-4A1C-AE32-EF21B05BC1F2}
	EndGlobalSection
EndGlobal
