
Microsoft Visual Studio Solution File, Format Version 12.00
# Visual Studio Version 16
VisualStudioVersion = 16.0.33927.289
MinimumVisualStudioVersion = 10.0.40219.1
Project("{FAE04EC0-301F-11D3-BF4B-00C04F79EFBC}") = "Branching", "Branching\Branching.csproj", "{D6BEE344-AD38-4F54-9B65-A43F51F9BF83}"
EndProject
Global
	GlobalSection(SolutionConfigurationPlatforms) = preSolution
		Debug|Any CPU = Debug|Any CPU
		Release|Any CPU = Release|Any CPU
	EndGlobalSection
	GlobalSection(ProjectConfigurationPlatforms) = postSolution
		{D6BEE344-AD38-4F54-9B65-A43F51F9BF83}.Debug|Any CPU.ActiveCfg = Debug|Any CPU
		{D6BEE344-AD38-4F54-9B65-A43F51F9BF83}.Debug|Any CPU.Build.0 = Debug|Any CPU
		{D6BEE344-AD38-4F54-9B65-A43F51F9BF83}.Release|Any CPU.ActiveCfg = Release|Any CPU
		{D6BEE344-AD38-4F54-9B65-A43F51F9BF83}.Release|Any CPU.Build.0 = Release|Any CPU
	EndGlobalSection
	GlobalSection(SolutionProperties) = preSolution
		HideSolutionNode = FALSE
	EndGlobalSection
	GlobalSection(ExtensibilityGlobals) = postSolution
		SolutionGuid = {ABCC5ACE-563C-4B04-806F-58DD62626D1F}
	EndGlobalSection
EndGlobal
