
Microsoft Visual Studio Solution File, Format Version 12.00
# Visual Studio Version 16
VisualStudioVersion = 16.0.33927.289
MinimumVisualStudioVersion = 10.0.40219.1
Project("{FAE04EC0-301F-11D3-BF4B-00C04F79EFBC}") = "ConsoleAppStrings", "ConsoleAppStrings\ConsoleAppStrings.csproj", "{DC49D569-2CE9-4BF7-9690-B8712002AF9A}"
EndProject
Global
	GlobalSection(SolutionConfigurationPlatforms) = preSolution
		Debug|Any CPU = Debug|Any CPU
		Release|Any CPU = Release|Any CPU
	EndGlobalSection
	GlobalSection(ProjectConfigurationPlatforms) = postSolution
		{DC49D569-2CE9-4BF7-9690-B8712002AF9A}.Debug|Any CPU.ActiveCfg = Debug|Any CPU
		{DC49D569-2CE9-4BF7-9690-B8712002AF9A}.Debug|Any CPU.Build.0 = Debug|Any CPU
		{DC49D569-2CE9-4BF7-9690-B8712002AF9A}.Release|Any CPU.ActiveCfg = Release|Any CPU
		{DC49D569-2CE9-4BF7-9690-B8712002AF9A}.Release|Any CPU.Build.0 = Release|Any CPU
	EndGlobalSection
	GlobalSection(SolutionProperties) = preSolution
		HideSolutionNode = FALSE
	EndGlobalSection
	GlobalSection(ExtensibilityGlobals) = postSolution
		SolutionGuid = {06B94898-03EC-469E-B2B2-98A7FDA36BB0}
	EndGlobalSection
EndGlobal
