
Microsoft Visual Studio Solution File, Format Version 12.00
# Visual Studio Version 16
VisualStudioVersion = 16.0.33927.289
MinimumVisualStudioVersion = 10.0.40219.1
Project("{FAE04EC0-301F-11D3-BF4B-00C04F79EFBC}") = "MathAndComparisonOperator", "MathAndComparisonOperator\MathAndComparisonOperator.csproj", "{43684A3B-B50C-4CAF-B65B-BA99EA0E279E}"
EndProject
Global
	GlobalSection(SolutionConfigurationPlatforms) = preSolution
		Debug|Any CPU = Debug|Any CPU
		Release|Any CPU = Release|Any CPU
	EndGlobalSection
	GlobalSection(ProjectConfigurationPlatforms) = postSolution
		{43684A3B-B50C-4CAF-B65B-BA99EA0E279E}.Debug|Any CPU.ActiveCfg = Debug|Any CPU
		{43684A3B-B50C-4CAF-B65B-BA99EA0E279E}.Debug|Any CPU.Build.0 = Debug|Any CPU
		{43684A3B-B50C-4CAF-B65B-BA99EA0E279E}.Release|Any CPU.ActiveCfg = Release|Any CPU
		{43684A3B-B50C-4CAF-B65B-BA99EA0E279E}.Release|Any CPU.Build.0 = Release|Any CPU
	EndGlobalSection
	GlobalSection(SolutionProperties) = preSolution
		HideSolutionNode = FALSE
	EndGlobalSection
	GlobalSection(ExtensibilityGlobals) = postSolution
		SolutionGuid = {F35A1306-64F9-436D-A055-1B65EE4E3FBE}
	EndGlobalSection
EndGlobal
